// !$*UTF8*$!
{
	archiveVersion = 1;
	classes = {
	};
	objectVersion = 46;
	objects = {

/* Begin PBXBuildFile section */
		14A9333D1BD9705B00C664E7 /* AppDelegate.swift in Sources */ = {isa = PBXBuildFile; fileRef = 14A9333C1BD9705B00C664E7 /* AppDelegate.swift */; };
		14A9333F1BD9705B00C664E7 /* ViewController.swift in Sources */ = {isa = PBXBuildFile; fileRef = 14A9333E1BD9705B00C664E7 /* ViewController.swift */; };
		14A933421BD9705B00C664E7 /* Main.storyboard in Resources */ = {isa = PBXBuildFile; fileRef = 14A933401BD9705B00C664E7 /* Main.storyboard */; };
		14A933441BD9705B00C664E7 /* Assets.xcassets in Resources */ = {isa = PBXBuildFile; fileRef = 14A933431BD9705B00C664E7 /* Assets.xcassets */; };
		14A933471BD9705B00C664E7 /* LaunchScreen.storyboard in Resources */ = {isa = PBXBuildFile; fileRef = 14A933451BD9705B00C664E7 /* LaunchScreen.storyboard */; };
		14A933521BD9705C00C664E7 /* SpotifyTestingTests.swift in Sources */ = {isa = PBXBuildFile; fileRef = 14A933511BD9705C00C664E7 /* SpotifyTestingTests.swift */; };
		14A9335D1BD9705C00C664E7 /* SpotifyTestingUITests.swift in Sources */ = {isa = PBXBuildFile; fileRef = 14A9335C1BD9705C00C664E7 /* SpotifyTestingUITests.swift */; };
/* End PBXBuildFile section */

/* Begin PBXContainerItemProxy section */
		14A9334E1BD9705C00C664E7 /* PBXContainerItemProxy */ = {
			isa = PBXContainerItemProxy;
			containerPortal = 14A933311BD9705B00C664E7 /* Project object */;
			proxyType = 1;
			remoteGlobalIDString = 14A933381BD9705B00C664E7;
			remoteInfo = SpotifyTesting;
		};
		14A933591BD9705C00C664E7 /* PBXContainerItemProxy */ = {
			isa = PBXContainerItemProxy;
			containerPortal = 14A933311BD9705B00C664E7 /* Project object */;
			proxyType = 1;
			remoteGlobalIDString = 14A933381BD9705B00C664E7;
			remoteInfo = SpotifyTesting;
		};
/* End PBXContainerItemProxy section */

/* Begin PBXFileReference section */
		14A933391BD9705B00C664E7 /* SpotifyTesting.app */ = {isa = PBXFileReference; explicitFileType = wrapper.application; includeInIndex = 0; path = SpotifyTesting.app; sourceTree = BUILT_PRODUCTS_DIR; };
		14A9333C1BD9705B00C664E7 /* AppDelegate.swift */ = {isa = PBXFileReference; lastKnownFileType = sourcecode.swift; path = AppDelegate.swift; sourceTree = "<group>"; };
		14A9333E1BD9705B00C664E7 /* ViewController.swift */ = {isa = PBXFileReference; lastKnownFileType = sourcecode.swift; path = ViewController.swift; sourceTree = "<group>"; };
		14A933411BD9705B00C664E7 /* Base */ = {isa = PBXFileReference; lastKnownFileType = file.storyboard; name = Base; path = Base.lproj/Main.storyboard; sourceTree = "<group>"; };
		14A933431BD9705B00C664E7 /* Assets.xcassets */ = {isa = PBXFileReference; lastKnownFileType = folder.assetcatalog; path = Assets.xcassets; sourceTree = "<group>"; };
		14A933461BD9705B00C664E7 /* Base */ = {isa = PBXFileReference; lastKnownFileType = file.storyboard; name = Base; path = Base.lproj/LaunchScreen.storyboard; sourceTree = "<group>"; };
		14A933481BD9705B00C664E7 /* Info.plist */ = {isa = PBXFileReference; lastKnownFileType = text.plist.xml; path = Info.plist; sourceTree = "<group>"; };
		14A9334D1BD9705C00C664E7 /* SpotifyTestingTests.xctest */ = {isa = PBXFileReference; explicitFileType = wrapper.cfbundle; includeInIndex = 0; path = SpotifyTestingTests.xctest; sourceTree = BUILT_PRODUCTS_DIR; };
		14A933511BD9705C00C664E7 /* SpotifyTestingTests.swift */ = {isa = PBXFileReference; lastKnownFileType = sourcecode.swift; path = SpotifyTestingTests.swift; sourceTree = "<group>"; };
		14A933531BD9705C00C664E7 /* Info.plist */ = {isa = PBXFileReference; lastKnownFileType = text.plist.xml; path = Info.plist; sourceTree = "<group>"; };
		14A933581BD9705C00C664E7 /* SpotifyTestingUITests.xctest */ = {isa = PBXFileReference; explicitFileType = wrapper.cfbundle; includeInIndex = 0; path = SpotifyTestingUITests.xctest; sourceTree = BUILT_PRODUCTS_DIR; };
		14A9335C1BD9705C00C664E7 /* SpotifyTestingUITests.swift */ = {isa = PBXFileReference; lastKnownFileType = sourcecode.swift; path = SpotifyTestingUITests.swift; sourceTree = "<group>"; };
		14A9335E1BD9705C00C664E7 /* Info.plist */ = {isa = PBXFileReference; lastKnownFileType = text.plist.xml; path = Info.plist; sourceTree = "<group>"; };
/* End PBXFileReference section */

/* Begin PBXFrameworksBuildPhase section */
		14A933361BD9705B00C664E7 /* Frameworks */ = {
			isa = PBXFrameworksBuildPhase;
			buildActionMask = 2147483647;
			files = (
			);
			runOnlyForDeploymentPostprocessing = 0;
		};
		14A9334A1BD9705C00C664E7 /* Frameworks */ = {
			isa = PBXFrameworksBuildPhase;
			buildActionMask = 2147483647;
			files = (
			);
			runOnlyForDeploymentPostprocessing = 0;
		};
		14A933551BD9705C00C664E7 /* Frameworks */ = {
			isa = PBXFrameworksBuildPhase;
			buildActionMask = 2147483647;
			files = (
			);
			runOnlyForDeploymentPostprocessing = 0;
		};
/* End PBXFrameworksBuildPhase section */

/* Begin PBXGroup section */
		14A933301BD9705B00C664E7 = {
			isa = PBXGroup;
			children = (
				14A9333B1BD9705B00C664E7 /* SpotifyTesting */,
				14A933501BD9705C00C664E7 /* SpotifyTestingTests */,
				14A9335B1BD9705C00C664E7 /* SpotifyTestingUITests */,
				14A9333A1BD9705B00C664E7 /* Products */,
			);
			sourceTree = "<group>";
		};
		14A9333A1BD9705B00C664E7 /* Products */ = {
			isa = PBXGroup;
			children = (
				14A933391BD9705B00C664E7 /* SpotifyTesting.app */,
				14A9334D1BD9705C00C664E7 /* SpotifyTestingTests.xctest */,
				14A933581BD9705C00C664E7 /* SpotifyTestingUITests.xctest */,
			);
			name = Products;
			sourceTree = "<group>";
		};
		14A9333B1BD9705B00C664E7 /* SpotifyTesting */ = {
			isa = PBXGroup;
			children = (
				14A9333C1BD9705B00C664E7 /* AppDelegate.swift */,
				14A9333E1BD9705B00C664E7 /* ViewController.swift */,
				14A933401BD9705B00C664E7 /* Main.storyboard */,
				14A933431BD9705B00C664E7 /* Assets.xcassets */,
				14A933451BD9705B00C664E7 /* LaunchScreen.storyboard */,
				14A933481BD9705B00C664E7 /* Info.plist */,
			);
			path = SpotifyTesting;
			sourceTree = "<group>";
		};
		14A933501BD9705C00C664E7 /* SpotifyTestingTests */ = {
			isa = PBXGroup;
			children = (
				14A933511BD9705C00C664E7 /* SpotifyTestingTests.swift */,
				14A933531BD9705C00C664E7 /* Info.plist */,
			);
			path = SpotifyTestingTests;
			sourceTree = "<group>";
		};
		14A9335B1BD9705C00C664E7 /* SpotifyTestingUITests */ = {
			isa = PBXGroup;
			children = (
				14A9335C1BD9705C00C664E7 /* SpotifyTestingUITests.swift */,
				14A9335E1BD9705C00C664E7 /* Info.plist */,
			);
			path = SpotifyTestingUITests;
			sourceTree = "<group>";
		};
/* End PBXGroup section */

/* Begin PBXNativeTarget section */
		14A933381BD9705B00C664E7 /* SpotifyTesting */ = {
			isa = PBXNativeTarget;
			buildConfigurationList = 14A933611BD9705C00C664E7 /* Build configuration list for PBXNativeTarget "SpotifyTesting" */;
			buildPhases = (
				14A933351BD9705B00C664E7 /* Sources */,
				14A933361BD9705B00C664E7 /* Frameworks */,
				14A933371BD9705B00C664E7 /* Resources */,
			);
			buildRules = (
			);
			dependencies = (
			);
			name = SpotifyTesting;
			productName = SpotifyTesting;
			productReference = 14A933391BD9705B00C664E7 /* SpotifyTesting.app */;
			productType = "com.apple.product-type.application";
		};
		14A9334C1BD9705C00C664E7 /* SpotifyTestingTests */ = {
			isa = PBXNativeTarget;
			buildConfigurationList = 14A933641BD9705C00C664E7 /* Build configuration list for PBXNativeTarget "SpotifyTestingTests" */;
			buildPhases = (
				14A933491BD9705C00C664E7 /* Sources */,
				14A9334A1BD9705C00C664E7 /* Frameworks */,
				14A9334B1BD9705C00C664E7 /* Resources */,
			);
			buildRules = (
			);
			dependencies = (
				14A9334F1BD9705C00C664E7 /* PBXTargetDependency */,
			);
			name = SpotifyTestingTests;
			productName = SpotifyTestingTests;
			productReference = 14A9334D1BD9705C00C664E7 /* SpotifyTestingTests.xctest */;
			productType = "com.apple.product-type.bundle.unit-test";
		};
		14A933571BD9705C00C664E7 /* SpotifyTestingUITests */ = {
			isa = PBXNativeTarget;
			buildConfigurationList = 14A933671BD9705C00C664E7 /* Build configuration list for PBXNativeTarget "SpotifyTestingUITests" */;
			buildPhases = (
				14A933541BD9705C00C664E7 /* Sources */,
				14A933551BD9705C00C664E7 /* Frameworks */,
				14A933561BD9705C00C664E7 /* Resources */,
			);
			buildRules = (
			);
			dependencies = (
				14A9335A1BD9705C00C664E7 /* PBXTargetDependency */,
			);
			name = SpotifyTestingUITests;
			productName = SpotifyTestingUITests;
			productReference = 14A933581BD9705C00C664E7 /* SpotifyTestingUITests.xctest */;
			productType = "com.apple.product-type.bundle.ui-testing";
		};
/* End PBXNativeTarget section */

/* Begin PBXProject section */
		14A933311BD9705B00C664E7 /* Project object */ = {
			isa = PBXProject;
			attributes = {
				LastUpgradeCheck = 0700;
				ORGANIZATIONNAME = cse190;
				TargetAttributes = {
					14A933381BD9705B00C664E7 = {
						CreatedOnToolsVersion = 7.0.1;
						DevelopmentTeam = WFK89U8SH7;
					};
					14A9334C1BD9705C00C664E7 = {
						CreatedOnToolsVersion = 7.0.1;
						DevelopmentTeam = WFK89U8SH7;
						TestTargetID = 14A933381BD9705B00C664E7;
					};
					14A933571BD9705C00C664E7 = {
						CreatedOnToolsVersion = 7.0.1;
						DevelopmentTeam = WFK89U8SH7;
						TestTargetID = 14A933381BD9705B00C664E7;
					};
				};
			};
			buildConfigurationList = 14A933341BD9705B00C664E7 /* Build configuration list for PBXProject "SpotifyTesting" */;
			compatibilityVersion = "Xcode 3.2";
			developmentRegion = English;
			hasScannedForEncodings = 0;
			knownRegions = (
				en,
				Base,
			);
			mainGroup = 14A933301BD9705B00C664E7;
			productRefGroup = 14A9333A1BD9705B00C664E7 /* Products */;
			projectDirPath = "";
			projectRoot = "";
			targets = (
				14A933381BD9705B00C664E7 /* SpotifyTesting */,
				14A9334C1BD9705C00C664E7 /* SpotifyTestingTests */,
				14A933571BD9705C00C664E7 /* SpotifyTestingUITests */,
			);
		};
/* End PBXProject section */

/* Begin PBXResourcesBuildPhase section */
		14A933371BD9705B00C664E7 /* Resources */ = {
			isa = PBXResourcesBuildPhase;
			buildActionMask = 2147483647;
			files = (
				14A933471BD9705B00C664E7 /* LaunchScreen.storyboard in Resources */,
				14A933441BD9705B00C664E7 /* Assets.xcassets in Resources */,
				14A933421BD9705B00C664E7 /* Main.storyboard in Resources */,
			);
			runOnlyForDeploymentPostprocessing = 0;
		};
		14A9334B1BD9705C00C664E7 /* Resources */ = {
			isa = PBXResourcesBuildPhase;
			buildActionMask = 2147483647;
			files = (
			);
			runOnlyForDeploymentPostprocessing = 0;
		};
		14A933561BD9705C00C664E7 /* Resources */ = {
			isa = PBXResourcesBuildPhase;
			buildActionMask = 2147483647;
			files = (
			);
			runOnlyForDeploymentPostprocessing = 0;
		};
/* End PBXResourcesBuildPhase section */

/* Begin PBXSourcesBuildPhase section */
		14A933351BD9705B00C664E7 /* Sources */ = {
			isa = PBXSourcesBuildPhase;
			buildActionMask = 2147483647;
			files = (
				14A9333F1BD9705B00C664E7 /* ViewController.swift in Sources */,
				14A9333D1BD9705B00C664E7 /* AppDelegate.swift in Sources */,
			);
			runOnlyForDeploymentPostprocessing = 0;
		};
		14A933491BD9705C00C664E7 /* Sources */ = {
			isa = PBXSourcesBuildPhase;
			buildActionMask = 2147483647;
			files = (
				14A933521BD9705C00C664E7 /* SpotifyTestingTests.swift in Sources */,
			);
			runOnlyForDeploymentPostprocessing = 0;
		};
		14A933541BD9705C00C664E7 /* Sources */ = {
			isa = PBXSourcesBuildPhase;
			buildActionMask = 2147483647;
			files = (
				14A9335D1BD9705C00C664E7 /* SpotifyTestingUITests.swift in Sources */,
			);
			runOnlyForDeploymentPostprocessing = 0;
		};
/* End PBXSourcesBuildPhase section */

/* Begin PBXTargetDependency section */
		14A9334F1BD9705C00C664E7 /* PBXTargetDependency */ = {
			isa = PBXTargetDependency;
			target = 14A933381BD9705B00C664E7 /* SpotifyTesting */;
			targetProxy = 14A9334E1BD9705C00C664E7 /* PBXContainerItemProxy */;
		};
		14A9335A1BD9705C00C664E7 /* PBXTargetDependency */ = {
			isa = PBXTargetDependency;
			target = 14A933381BD9705B00C664E7 /* SpotifyTesting */;
			targetProxy = 14A933591BD9705C00C664E7 /* PBXContainerItemProxy */;
		};
/* End PBXTargetDependency section */

/* Begin PBXVariantGroup section */
		14A933401BD9705B00C664E7 /* Main.storyboard */ = {
			isa = PBXVariantGroup;
			children = (
				14A933411BD9705B00C664E7 /* Base */,
			);
			name = Main.storyboard;
			sourceTree = "<group>";
		};
		14A933451BD9705B00C664E7 /* LaunchScreen.storyboard */ = {
			isa = PBXVariantGroup;
			children = (
				14A933461BD9705B00C664E7 /* Base */,
			);
			name = LaunchScreen.storyboard;
			sourceTree = "<group>";
		};
/* End PBXVariantGroup section */

/* Begin XCBuildConfiguration section */
		14A9335F1BD9705C00C664E7 /* Debug */ = {
			isa = XCBuildConfiguration;
			buildSettings = {
				ALWAYS_SEARCH_USER_PATHS = NO;
				CLANG_CXX_LANGUAGE_STANDARD = "gnu++0x";
				CLANG_CXX_LIBRARY = "libc++";
				CLANG_ENABLE_MODULES = YES;
				CLANG_ENABLE_OBJC_ARC = YES;
				CLANG_WARN_BOOL_CONVERSION = YES;
				CLANG_WARN_CONSTANT_CONVERSION = YES;
				CLANG_WARN_DIRECT_OBJC_ISA_USAGE = YES_ERROR;
				CLANG_WARN_EMPTY_BODY = YES;
				CLANG_WARN_ENUM_CONVERSION = YES;
				CLANG_WARN_INT_CONVERSION = YES;
				CLANG_WARN_OBJC_ROOT_CLASS = YES_ERROR;
				CLANG_WARN_UNREACHABLE_CODE = YES;
				CLANG_WARN__DUPLICATE_METHOD_MATCH = YES;
				"CODE_SIGN_IDENTITY[sdk=iphoneos*]" = "iPhone Developer";
				COPY_PHASE_STRIP = NO;
				DEBUG_INFORMATION_FORMAT = dwarf;
				ENABLE_STRICT_OBJC_MSGSEND = YES;
				ENABLE_TESTABILITY = YES;
				GCC_C_LANGUAGE_STANDARD = gnu99;
				GCC_DYNAMIC_NO_PIC = NO;
				GCC_NO_COMMON_BLOCKS = YES;
				GCC_OPTIMIZATION_LEVEL = 0;
				GCC_PREPROCESSOR_DEFINITIONS = (
					"DEBUG=1",
					"$(inherited)",
				);
				GCC_WARN_64_TO_32_BIT_CONVERSION = YES;
				GCC_WARN_ABOUT_RETURN_TYPE = YES_ERROR;
				GCC_WARN_UNDECLARED_SELECTOR = YES;
				GCC_WARN_UNINITIALIZED_AUTOS = YES_AGGRESSIVE;
				GCC_WARN_UNUSED_FUNCTION = YES;
				GCC_WARN_UNUSED_VARIABLE = YES;
				IPHONEOS_DEPLOYMENT_TARGET = 9.0;
				MTL_ENABLE_DEBUG_INFO = YES;
				ONLY_ACTIVE_ARCH = YES;
				SDKROOT = iphoneos;
				SWIFT_OPTIMIZATION_LEVEL = "-Onone";
			};
			name = Debug;
		};
		14A933601BD9705C00C664E7 /* Release */ = {
			isa = XCBuildConfiguration;
			buildSettings = {
				ALWAYS_SEARCH_USER_PATHS = NO;
				CLANG_CXX_LANGUAGE_STANDARD = "gnu++0x";
				CLANG_CXX_LIBRARY = "libc++";
				CLANG_ENABLE_MODULES = YES;
				CLANG_ENABLE_OBJC_ARC = YES;
				CLANG_WARN_BOOL_CONVERSION = YES;
				CLANG_WARN_CONSTANT_CONVERSION = YES;
				CLANG_WARN_DIRECT_OBJC_ISA_USAGE = YES_ERROR;
				CLANG_WARN_EMPTY_BODY = YES;
				CLANG_WARN_ENUM_CONVERSION = YES;
				CLANG_WARN_INT_CONVERSION = YES;
				CLANG_WARN_OBJC_ROOT_CLASS = YES_ERROR;
				CLANG_WARN_UNREACHABLE_CODE = YES;
				CLANG_WARN__DUPLICATE_METHOD_MATCH = YES;
				"CODE_SIGN_IDENTITY[sdk=iphoneos*]" = "iPhone Developer";
				COPY_PHASE_STRIP = NO;
				DEBUG_INFORMATION_FORMAT = "dwarf-with-dsym";
				ENABLE_NS_ASSERTIONS = NO;
				ENABLE_STRICT_OBJC_MSGSEND = YES;
				GCC_C_LANGUAGE_STANDARD = gnu99;
				GCC_NO_COMMON_BLOCKS = YES;
				GCC_WARN_64_TO_32_BIT_CONVERSION = YES;
				GCC_WARN_ABOUT_RETURN_TYPE = YES_ERROR;
				GCC_WARN_UNDECLARED_SELECTOR = YES;
				GCC_WARN_UNINITIALIZED_AUTOS = YES_AGGRESSIVE;
				GCC_WARN_UNUSED_FUNCTION = YES;
				GCC_WARN_UNUSED_VARIABLE = YES;
				IPHONEOS_DEPLOYMENT_TARGET = 9.0;
				MTL_ENABLE_DEBUG_INFO = NO;
				SDKROOT = iphoneos;
				VALIDATE_PRODUCT = YES;
			};
			name = Release;
		};
		14A933621BD9705C00C664E7 /* Debug */ = {
			isa = XCBuildConfiguration;
			buildSettings = {
				ASSETCATALOG_COMPILER_APPICON_NAME = AppIcon;
				INFOPLIST_FILE = SpotifyTesting/Info.plist;
				LD_RUNPATH_SEARCH_PATHS = "$(inherited) @executable_path/Frameworks";
				PRODUCT_BUNDLE_IDENTIFIER = cse190.SpotifyTesting;
				PRODUCT_NAME = "$(TARGET_NAME)";
			};
			name = Debug;
		};
		14A933631BD9705C00C664E7 /* Release */ = {
			isa = XCBuildConfiguration;
			buildSettings = {
				ASSETCATALOG_COMPILER_APPICON_NAME = AppIcon;
				INFOPLIST_FILE = SpotifyTesting/Info.plist;
				LD_RUNPATH_SEARCH_PATHS = "$(inherited) @executable_path/Frameworks";
				PRODUCT_BUNDLE_IDENTIFIER = cse190.SpotifyTesting;
				PRODUCT_NAME = "$(TARGET_NAME)";
			};
			name = Release;
		};
		14A933651BD9705C00C664E7 /* Debug */ = {
			isa = XCBuildConfiguration;
			buildSettings = {
				BUNDLE_LOADER = "$(TEST_HOST)";
				INFOPLIST_FILE = SpotifyTestingTests/Info.plist;
				LD_RUNPATH_SEARCH_PATHS = "$(inherited) @executable_path/Frameworks @loader_path/Frameworks";
				PRODUCT_BUNDLE_IDENTIFIER = cse190.SpotifyTestingTests;
				PRODUCT_NAME = "$(TARGET_NAME)";
				TEST_HOST = "$(BUILT_PRODUCTS_DIR)/SpotifyTesting.app/SpotifyTesting";
			};
			name = Debug;
		};
		14A933661BD9705C00C664E7 /* Release */ = {
			isa = XCBuildConfiguration;
			buildSettings = {
				BUNDLE_LOADER = "$(TEST_HOST)";
				INFOPLIST_FILE = SpotifyTestingTests/Info.plist;
				LD_RUNPATH_SEARCH_PATHS = "$(inherited) @executable_path/Frameworks @loader_path/Frameworks";
				PRODUCT_BUNDLE_IDENTIFIER = cse190.SpotifyTestingTests;
				PRODUCT_NAME = "$(TARGET_NAME)";
				TEST_HOST = "$(BUILT_PRODUCTS_DIR)/SpotifyTesting.app/SpotifyTesting";
			};
			name = Release;
		};
		14A933681BD9705C00C664E7 /* Debug */ = {
			isa = XCBuildConfiguration;
			buildSettings = {
				INFOPLIST_FILE = SpotifyTestingUITests/Info.plist;
				LD_RUNPATH_SEARCH_PATHS = "$(inherited) @executable_path/Frameworks @loader_path/Frameworks";
				PRODUCT_BUNDLE_IDENTIFIER = cse190.SpotifyTestingUITests;
				PRODUCT_NAME = "$(TARGET_NAME)";
				TEST_TARGET_NAME = SpotifyTesting;
				USES_XCTRUNNER = YES;
			};
			name = Debug;
		};
		14A933691BD9705C00C664E7 /* Release */ = {
			isa = XCBuildConfiguration;
			buildSettings = {
				INFOPLIST_FILE = SpotifyTestingUITests/Info.plist;
				LD_RUNPATH_SEARCH_PATHS = "$(inherited) @executable_path/Frameworks @loader_path/Frameworks";
				PRODUCT_BUNDLE_IDENTIFIER = cse190.SpotifyTestingUITests;
				PRODUCT_NAME = "$(TARGET_NAME)";
				TEST_TARGET_NAME = SpotifyTesting;
				USES_XCTRUNNER = YES;
			};
			name = Release;
		};
/* End XCBuildConfiguration section */

/* Begin XCConfigurationList section */
		14A933341BD9705B00C664E7 /* Build configuration list for PBXProject "SpotifyTesting" */ = {
			isa = XCConfigurationList;
			buildConfigurations = (
				14A9335F1BD9705C00C664E7 /* Debug */,
				14A933601BD9705C00C664E7 /* Release */,
			);
			defaultConfigurationIsVisible = 0;
			defaultConfigurationName = Release;
		};
		14A933611BD9705C00C664E7 /* Build configuration list for PBXNativeTarget "SpotifyTesting" */ = {
			isa = XCConfigurationList;
			buildConfigurations = (
				14A933621BD9705C00C664E7 /* Debug */,
				14A933631BD9705C00C664E7 /* Release */,
			);
			defaultConfigurationIsVisible = 0;
		};
		14A933641BD9705C00C664E7 /* Build configuration list for PBXNativeTarget "SpotifyTestingTests" */ = {
			isa = XCConfigurationList;
			buildConfigurations = (
				14A933651BD9705C00C664E7 /* Debug */,
				14A933661BD9705C00C664E7 /* Release */,
			);
			defaultConfigurationIsVisible = 0;
		};
		14A933671BD9705C00C664E7 /* Build configuration list for PBXNativeTarget "SpotifyTestingUITests" */ = {
			isa = XCConfigurationList;
			buildConfigurations = (
				14A933681BD9705C00C664E7 /* Debug */,
				14A933691BD9705C00C664E7 /* Release */,
			);
			defaultConfigurationIsVisible = 0;
		};
/* End XCConfigurationList section */
	};
	rootObject = 14A933311BD9705B00C664E7 /* Project object */;
}
